
Microsoft Visual Studio Solution File, Format Version 12.00
# Visual Studio 15
Project("{FAE04EC0-301F-11D3-BF4B-00C04F79EFBC}") = "Assembly-CSharp", "Assembly-CSharp.csproj", "{1B70271C-4400-9625-7708-2AD4F689F9C4}"
EndProject
Project("{FAE04EC0-301F-11D3-BF4B-00C04F79EFBC}") = "Assembly-CSharp-Editor", "Assembly-CSharp-Editor.csproj", "{582A0544-66F4-2C59-6B13-70284546D7BB}"
EndProject
Global
	GlobalSection(SolutionConfigurationPlatforms) = preSolution
		Debug|Any CPU = Debug|Any CPU
		Release|Any CPU = Release|Any CPU
	EndGlobalSection
	GlobalSection(ProjectConfigurationPlatforms) = postSolution
		{1B70271C-4400-9625-7708-2AD4F689F9C4}.Debug|Any CPU.ActiveCfg = Debug|Any CPU
		{1B70271C-4400-9625-7708-2AD4F689F9C4}.Debug|Any CPU.Build.0 = Debug|Any CPU
		{1B70271C-4400-9625-7708-2AD4F689F9C4}.Release|Any CPU.ActiveCfg = Release|Any CPU
		{1B70271C-4400-9625-7708-2AD4F689F9C4}.Release|Any CPU.Build.0 = Release|Any CPU
		{582A0544-66F4-2C59-6B13-70284546D7BB}.Debug|Any CPU.ActiveCfg = Debug|Any CPU
		{582A0544-66F4-2C59-6B13-70284546D7BB}.Debug|Any CPU.Build.0 = Debug|Any CPU
		{582A0544-66F4-2C59-6B13-70284546D7BB}.Release|Any CPU.ActiveCfg = Release|Any CPU
		{582A0544-66F4-2C59-6B13-70284546D7BB}.Release|Any CPU.Build.0 = Release|Any CPU
	EndGlobalSection
	GlobalSection(SolutionProperties) = preSolution
		HideSolutionNode = FALSE
	EndGlobalSection
EndGlobal
